// !$*UTF8*$!
{
	archiveVersion = 1;
	classes = {
	};
	objectVersion = 50;
	objects = {

/* Begin PBXBuildFile section */
		A25CD70E2208A03F0082F4EE /* AppDelegate.swift in Sources */ = {isa = PBXBuildFile; fileRef = A25CD70D2208A03F0082F4EE /* AppDelegate.swift */; };
		A25CD7102208A03F0082F4EE /* LoginViewController.swift in Sources */ = {isa = PBXBuildFile; fileRef = A25CD70F2208A03F0082F4EE /* LoginViewController.swift */; };
		A25CD7132208A03F0082F4EE /* Main.storyboard in Resources */ = {isa = PBXBuildFile; fileRef = A25CD7112208A03F0082F4EE /* Main.storyboard */; };
		A25CD7152208A0400082F4EE /* Assets.xcassets in Resources */ = {isa = PBXBuildFile; fileRef = A25CD7142208A0400082F4EE /* Assets.xcassets */; };
		A25CD7182208A0400082F4EE /* LaunchScreen.storyboard in Resources */ = {isa = PBXBuildFile; fileRef = A25CD7162208A0400082F4EE /* LaunchScreen.storyboard */; };
		A25CD7222208FEBF0082F4EE /* TipViewController.swift in Sources */ = {isa = PBXBuildFile; fileRef = A25CD7212208FEBF0082F4EE /* TipViewController.swift */; };
		A25CD725220A07C10082F4EE /* Tipper.swift in Sources */ = {isa = PBXBuildFile; fileRef = A25CD724220A07C00082F4EE /* Tipper.swift */; };
		A25CD727220A07CF0082F4EE /* Tippee.swift in Sources */ = {isa = PBXBuildFile; fileRef = A25CD726220A07CF0082F4EE /* Tippee.swift */; };
/* End PBXBuildFile section */

/* Begin PBXFileReference section */
		A25CD70A2208A03F0082F4EE /* TipsEase.app */ = {isa = PBXFileReference; explicitFileType = wrapper.application; includeInIndex = 0; path = TipsEase.app; sourceTree = BUILT_PRODUCTS_DIR; };
		A25CD70D2208A03F0082F4EE /* AppDelegate.swift */ = {isa = PBXFileReference; lastKnownFileType = sourcecode.swift; path = AppDelegate.swift; sourceTree = "<group>"; };
		A25CD70F2208A03F0082F4EE /* LoginViewController.swift */ = {isa = PBXFileReference; lastKnownFileType = sourcecode.swift; path = LoginViewController.swift; sourceTree = "<group>"; };
		A25CD7122208A03F0082F4EE /* Base */ = {isa = PBXFileReference; lastKnownFileType = file.storyboard; name = Base; path = Base.lproj/Main.storyboard; sourceTree = "<group>"; };
		A25CD7142208A0400082F4EE /* Assets.xcassets */ = {isa = PBXFileReference; lastKnownFileType = folder.assetcatalog; path = Assets.xcassets; sourceTree = "<group>"; };
		A25CD7172208A0400082F4EE /* Base */ = {isa = PBXFileReference; lastKnownFileType = file.storyboard; name = Base; path = Base.lproj/LaunchScreen.storyboard; sourceTree = "<group>"; };
		A25CD7192208A0400082F4EE /* Info.plist */ = {isa = PBXFileReference; lastKnownFileType = text.plist.xml; path = Info.plist; sourceTree = "<group>"; };
		A25CD7212208FEBF0082F4EE /* TipViewController.swift */ = {isa = PBXFileReference; lastKnownFileType = sourcecode.swift; path = TipViewController.swift; sourceTree = "<group>"; };
		A25CD724220A07C00082F4EE /* Tipper.swift */ = {isa = PBXFileReference; lastKnownFileType = sourcecode.swift; path = Tipper.swift; sourceTree = "<group>"; };
		A25CD726220A07CF0082F4EE /* Tippee.swift */ = {isa = PBXFileReference; lastKnownFileType = sourcecode.swift; path = Tippee.swift; sourceTree = "<group>"; };
/* End PBXFileReference section */

/* Begin PBXFrameworksBuildPhase section */
		A25CD7072208A03F0082F4EE /* Frameworks */ = {
			isa = PBXFrameworksBuildPhase;
			buildActionMask = 2147483647;
			files = (
			);
			runOnlyForDeploymentPostprocessing = 0;
		};
/* End PBXFrameworksBuildPhase section */

/* Begin PBXGroup section */
		A25CD7012208A03F0082F4EE = {
			isa = PBXGroup;
			children = (
				A25CD70C2208A03F0082F4EE /* TipsEase */,
				A25CD70B2208A03F0082F4EE /* Products */,
			);
			sourceTree = "<group>";
		};
		A25CD70B2208A03F0082F4EE /* Products */ = {
			isa = PBXGroup;
			children = (
				A25CD70A2208A03F0082F4EE /* TipsEase.app */,
			);
			name = Products;
			sourceTree = "<group>";
		};
		A25CD70C2208A03F0082F4EE /* TipsEase */ = {
			isa = PBXGroup;
			children = (
				A25CD71F2208A3400082F4EE /* Models */,
				A25CD7202208F6C00082F4EE /* Views */,
				A25CD723220913140082F4EE /* Controllers */,
				A25CD7112208A03F0082F4EE /* Main.storyboard */,
				A25CD7142208A0400082F4EE /* Assets.xcassets */,
				A25CD7162208A0400082F4EE /* LaunchScreen.storyboard */,
				A25CD7192208A0400082F4EE /* Info.plist */,
				A25CD70D2208A03F0082F4EE /* AppDelegate.swift */,
			);
			path = TipsEase;
			sourceTree = "<group>";
		};
		A25CD71F2208A3400082F4EE /* Models */ = {
			isa = PBXGroup;
			children = (
				A25CD724220A07C00082F4EE /* Tipper.swift */,
				A25CD726220A07CF0082F4EE /* Tippee.swift */,
			);
			path = Models;
			sourceTree = "<group>";
		};
		A25CD7202208F6C00082F4EE /* Views */ = {
			isa = PBXGroup;
			children = (
				A25CD70F2208A03F0082F4EE /* LoginViewController.swift */,
				A25CD7212208FEBF0082F4EE /* TipViewController.swift */,
			);
			path = Views;
			sourceTree = "<group>";
		};
		A25CD723220913140082F4EE /* Controllers */ = {
			isa = PBXGroup;
			children = (
			);
			path = Controllers;
			sourceTree = "<group>";
		};
/* End PBXGroup section */

/* Begin PBXNativeTarget section */
		A25CD7092208A03F0082F4EE /* TipsEase */ = {
			isa = PBXNativeTarget;
			buildConfigurationList = A25CD71C2208A0400082F4EE /* Build configuration list for PBXNativeTarget "TipsEase" */;
			buildPhases = (
				A25CD7062208A03F0082F4EE /* Sources */,
				A25CD7072208A03F0082F4EE /* Frameworks */,
				A25CD7082208A03F0082F4EE /* Resources */,
			);
			buildRules = (
			);
			dependencies = (
			);
			name = TipsEase;
			productName = TipsEase;
			productReference = A25CD70A2208A03F0082F4EE /* TipsEase.app */;
			productType = "com.apple.product-type.application";
		};
/* End PBXNativeTarget section */

/* Begin PBXProject section */
		A25CD7022208A03F0082F4EE /* Project object */ = {
			isa = PBXProject;
			attributes = {
				LastSwiftUpdateCheck = 1010;
				LastUpgradeCheck = 1010;
				ORGANIZATIONNAME = "Angel Buenrostro";
				TargetAttributes = {
					A25CD7092208A03F0082F4EE = {
						CreatedOnToolsVersion = 10.1;
					};
				};
			};
			buildConfigurationList = A25CD7052208A03F0082F4EE /* Build configuration list for PBXProject "TipsEase" */;
			compatibilityVersion = "Xcode 9.3";
			developmentRegion = en;
			hasScannedForEncodings = 0;
			knownRegions = (
				en,
				Base,
			);
			mainGroup = A25CD7012208A03F0082F4EE;
			productRefGroup = A25CD70B2208A03F0082F4EE /* Products */;
			projectDirPath = "";
			projectRoot = "";
			targets = (
				A25CD7092208A03F0082F4EE /* TipsEase */,
			);
		};
/* End PBXProject section */

/* Begin PBXResourcesBuildPhase section */
		A25CD7082208A03F0082F4EE /* Resources */ = {
			isa = PBXResourcesBuildPhase;
			buildActionMask = 2147483647;
			files = (
				A25CD7182208A0400082F4EE /* LaunchScreen.storyboard in Resources */,
				A25CD7152208A0400082F4EE /* Assets.xcassets in Resources */,
				A25CD7132208A03F0082F4EE /* Main.storyboard in Resources */,
			);
			runOnlyForDeploymentPostprocessing = 0;
		};
/* End PBXResourcesBuildPhase section */

/* Begin PBXSourcesBuildPhase section */
		A25CD7062208A03F0082F4EE /* Sources */ = {
			isa = PBXSourcesBuildPhase;
			buildActionMask = 2147483647;
			files = (
				A25CD7102208A03F0082F4EE /* LoginViewController.swift in Sources */,
				A25CD727220A07CF0082F4EE /* Tippee.swift in Sources */,
				A25CD7222208FEBF0082F4EE /* TipViewController.swift in Sources */,
				A25CD70E2208A03F0082F4EE /* AppDelegate.swift in Sources */,
				A25CD725220A07C10082F4EE /* Tipper.swift in Sources */,
			);
			runOnlyForDeploymentPostprocessing = 0;
		};
/* End PBXSourcesBuildPhase section */

/* Begin PBXVariantGroup section */
		A25CD7112208A03F0082F4EE /* Main.storyboard */ = {
			isa = PBXVariantGroup;
			children = (
				A25CD7122208A03F0082F4EE /* Base */,
			);
			name = Main.storyboard;
			sourceTree = "<group>";
		};
		A25CD7162208A0400082F4EE /* LaunchScreen.storyboard */ = {
			isa = PBXVariantGroup;
			children = (
				A25CD7172208A0400082F4EE /* Base */,
			);
			name = LaunchScreen.storyboard;
			sourceTree = "<group>";
		};
/* End PBXVariantGroup section */

/* Begin XCBuildConfiguration section */
		A25CD71A2208A0400082F4EE /* Debug */ = {
			isa = XCBuildConfiguration;
			buildSettings = {
				ALWAYS_SEARCH_USER_PATHS = NO;
				CLANG_ANALYZER_NONNULL = YES;
				CLANG_ANALYZER_NUMBER_OBJECT_CONVERSION = YES_AGGRESSIVE;
				CLANG_CXX_LANGUAGE_STANDARD = "gnu++14";
				CLANG_CXX_LIBRARY = "libc++";
				CLANG_ENABLE_MODULES = YES;
				CLANG_ENABLE_OBJC_ARC = YES;
				CLANG_ENABLE_OBJC_WEAK = YES;
				CLANG_WARN_BLOCK_CAPTURE_AUTORELEASING = YES;
				CLANG_WARN_BOOL_CONVERSION = YES;
				CLANG_WARN_COMMA = YES;
				CLANG_WARN_CONSTANT_CONVERSION = YES;
				CLANG_WARN_DEPRECATED_OBJC_IMPLEMENTATIONS = YES;
				CLANG_WARN_DIRECT_OBJC_ISA_USAGE = YES_ERROR;
				CLANG_WARN_DOCUMENTATION_COMMENTS = YES;
				CLANG_WARN_EMPTY_BODY = YES;
				CLANG_WARN_ENUM_CONVERSION = YES;
				CLANG_WARN_INFINITE_RECURSION = YES;
				CLANG_WARN_INT_CONVERSION = YES;
				CLANG_WARN_NON_LITERAL_NULL_CONVERSION = YES;
				CLANG_WARN_OBJC_IMPLICIT_RETAIN_SELF = YES;
				CLANG_WARN_OBJC_LITERAL_CONVERSION = YES;
				CLANG_WARN_OBJC_ROOT_CLASS = YES_ERROR;
				CLANG_WARN_RANGE_LOOP_ANALYSIS = YES;
				CLANG_WARN_STRICT_PROTOTYPES = YES;
				CLANG_WARN_SUSPICIOUS_MOVE = YES;
				CLANG_WARN_UNGUARDED_AVAILABILITY = YES_AGGRESSIVE;
				CLANG_WARN_UNREACHABLE_CODE = YES;
				CLANG_WARN__DUPLICATE_METHOD_MATCH = YES;
				CODE_SIGN_IDENTITY = "iPhone Developer";
				COPY_PHASE_STRIP = NO;
				DEBUG_INFORMATION_FORMAT = dwarf;
				ENABLE_STRICT_OBJC_MSGSEND = YES;
				ENABLE_TESTABILITY = YES;
				GCC_C_LANGUAGE_STANDARD = gnu11;
				GCC_DYNAMIC_NO_PIC = NO;
				GCC_NO_COMMON_BLOCKS = YES;
				GCC_OPTIMIZATION_LEVEL = 0;
				GCC_PREPROCESSOR_DEFINITIONS = (
					"DEBUG=1",
					"$(inherited)",
				);
				GCC_WARN_64_TO_32_BIT_CONVERSION = YES;
				GCC_WARN_ABOUT_RETURN_TYPE = YES_ERROR;
				GCC_WARN_UNDECLARED_SELECTOR = YES;
				GCC_WARN_UNINITIALIZED_AUTOS = YES_AGGRESSIVE;
				GCC_WARN_UNUSED_FUNCTION = YES;
				GCC_WARN_UNUSED_VARIABLE = YES;
				IPHONEOS_DEPLOYMENT_TARGET = 12.1;
				MTL_ENABLE_DEBUG_INFO = INCLUDE_SOURCE;
				MTL_FAST_MATH = YES;
				ONLY_ACTIVE_ARCH = YES;
				SDKROOT = iphoneos;
				SWIFT_ACTIVE_COMPILATION_CONDITIONS = DEBUG;
				SWIFT_OPTIMIZATION_LEVEL = "-Onone";
			};
			name = Debug;
		};
		A25CD71B2208A0400082F4EE /* Release */ = {
			isa = XCBuildConfiguration;
			buildSettings = {
				ALWAYS_SEARCH_USER_PATHS = NO;
				CLANG_ANALYZER_NONNULL = YES;
				CLANG_ANALYZER_NUMBER_OBJECT_CONVERSION = YES_AGGRESSIVE;
				CLANG_CXX_LANGUAGE_STANDARD = "gnu++14";
				CLANG_CXX_LIBRARY = "libc++";
				CLANG_ENABLE_MODULES = YES;
				CLANG_ENABLE_OBJC_ARC = YES;
				CLANG_ENABLE_OBJC_WEAK = YES;
				CLANG_WARN_BLOCK_CAPTURE_AUTORELEASING = YES;
				CLANG_WARN_BOOL_CONVERSION = YES;
				CLANG_WARN_COMMA = YES;
				CLANG_WARN_CONSTANT_CONVERSION = YES;
				CLANG_WARN_DEPRECATED_OBJC_IMPLEMENTATIONS = YES;
				CLANG_WARN_DIRECT_OBJC_ISA_USAGE = YES_ERROR;
				CLANG_WARN_DOCUMENTATION_COMMENTS = YES;
				CLANG_WARN_EMPTY_BODY = YES;
				CLANG_WARN_ENUM_CONVERSION = YES;
				CLANG_WARN_INFINITE_RECURSION = YES;
				CLANG_WARN_INT_CONVERSION = YES;
				CLANG_WARN_NON_LITERAL_NULL_CONVERSION = YES;
				CLANG_WARN_OBJC_IMPLICIT_RETAIN_SELF = YES;
				CLANG_WARN_OBJC_LITERAL_CONVERSION = YES;
				CLANG_WARN_OBJC_ROOT_CLASS = YES_ERROR;
				CLANG_WARN_RANGE_LOOP_ANALYSIS = YES;
				CLANG_WARN_STRICT_PROTOTYPES = YES;
				CLANG_WARN_SUSPICIOUS_MOVE = YES;
				CLANG_WARN_UNGUARDED_AVAILABILITY = YES_AGGRESSIVE;
				CLANG_WARN_UNREACHABLE_CODE = YES;
				CLANG_WARN__DUPLICATE_METHOD_MATCH = YES;
				CODE_SIGN_IDENTITY = "iPhone Developer";
				COPY_PHASE_STRIP = NO;
				DEBUG_INFORMATION_FORMAT = "dwarf-with-dsym";
				ENABLE_NS_ASSERTIONS = NO;
				ENABLE_STRICT_OBJC_MSGSEND = YES;
				GCC_C_LANGUAGE_STANDARD = gnu11;
				GCC_NO_COMMON_BLOCKS = YES;
				GCC_WARN_64_TO_32_BIT_CONVERSION = YES;
				GCC_WARN_ABOUT_RETURN_TYPE = YES_ERROR;
				GCC_WARN_UNDECLARED_SELECTOR = YES;
				GCC_WARN_UNINITIALIZED_AUTOS = YES_AGGRESSIVE;
				GCC_WARN_UNUSED_FUNCTION = YES;
				GCC_WARN_UNUSED_VARIABLE = YES;
				IPHONEOS_DEPLOYMENT_TARGET = 12.1;
				MTL_ENABLE_DEBUG_INFO = NO;
				MTL_FAST_MATH = YES;
				SDKROOT = iphoneos;
				SWIFT_COMPILATION_MODE = wholemodule;
				SWIFT_OPTIMIZATION_LEVEL = "-O";
				VALIDATE_PRODUCT = YES;
			};
			name = Release;
		};
		A25CD71D2208A0400082F4EE /* Debug */ = {
			isa = XCBuildConfiguration;
			buildSettings = {
				ASSETCATALOG_COMPILER_APPICON_NAME = AppIcon;
				CODE_SIGN_STYLE = Automatic;
				DEVELOPMENT_TEAM = HEVSJ2C5DD;
				INFOPLIST_FILE = TipsEase/Info.plist;
				LD_RUNPATH_SEARCH_PATHS = (
					"$(inherited)",
					"@executable_path/Frameworks",
				);
				PRODUCT_BUNDLE_IDENTIFIER = angel.TipsEase;
				PRODUCT_NAME = "$(TARGET_NAME)";
				SWIFT_VERSION = 4.2;
				TARGETED_DEVICE_FAMILY = "1,2";
			};
			name = Debug;
		};
		A25CD71E2208A0400082F4EE /* Release */ = {
			isa = XCBuildConfiguration;
			buildSettings = {
				ASSETCATALOG_COMPILER_APPICON_NAME = AppIcon;
				CODE_SIGN_STYLE = Automatic;
				DEVELOPMENT_TEAM = HEVSJ2C5DD;
				INFOPLIST_FILE = TipsEase/Info.plist;
				LD_RUNPATH_SEARCH_PATHS = (
					"$(inherited)",
					"@executable_path/Frameworks",
				);
				PRODUCT_BUNDLE_IDENTIFIER = angel.TipsEase;
				PRODUCT_NAME = "$(TARGET_NAME)";
				SWIFT_VERSION = 4.2;
				TARGETED_DEVICE_FAMILY = "1,2";
			};
			name = Release;
		};
/* End XCBuildConfiguration section */

/* Begin XCConfigurationList section */
		A25CD7052208A03F0082F4EE /* Build configuration list for PBXProject "TipsEase" */ = {
			isa = XCConfigurationList;
			buildConfigurations = (
				A25CD71A2208A0400082F4EE /* Debug */,
				A25CD71B2208A0400082F4EE /* Release */,
			);
			defaultConfigurationIsVisible = 0;
			defaultConfigurationName = Release;
		};
		A25CD71C2208A0400082F4EE /* Build configuration list for PBXNativeTarget "TipsEase" */ = {
			isa = XCConfigurationList;
			buildConfigurations = (
				A25CD71D2208A0400082F4EE /* Debug */,
				A25CD71E2208A0400082F4EE /* Release */,
			);
			defaultConfigurationIsVisible = 0;
			defaultConfigurationName = Release;
		};
/* End XCConfigurationList section */
	};
	rootObject = A25CD7022208A03F0082F4EE /* Project object */;
}
